
Microsoft Visual Studio Solution File, Format Version 12.00
# Visual Studio Version 17
VisualStudioVersion = 17.1.32210.238
MinimumVisualStudioVersion = 10.0.40219.1
Project("{9A19103F-16F7-4668-BE54-9A1E7A4F7556}") = "Zadanie3", "Zadanie3\Zadanie3.csproj", "{29F60F74-8CFE-43BD-8BAE-7489D4288EB9}"
EndProject
Global
	GlobalSection(SolutionConfigurationPlatforms) = preSolution
		Debug|Any CPU = Debug|Any CPU
		Release|Any CPU = Release|Any CPU
	EndGlobalSection
	GlobalSection(ProjectConfigurationPlatforms) = postSolution
		{29F60F74-8CFE-43BD-8BAE-7489D4288EB9}.Debug|Any CPU.ActiveCfg = Debug|Any CPU
		{29F60F74-8CFE-43BD-8BAE-7489D4288EB9}.Debug|Any CPU.Build.0 = Debug|Any CPU
		{29F60F74-8CFE-43BD-8BAE-7489D4288EB9}.Release|Any CPU.ActiveCfg = Release|Any CPU
		{29F60F74-8CFE-43BD-8BAE-7489D4288EB9}.Release|Any CPU.Build.0 = Release|Any CPU
	EndGlobalSection
	GlobalSection(SolutionProperties) = preSolution
		HideSolutionNode = FALSE
	EndGlobalSection
	GlobalSection(ExtensibilityGlobals) = postSolution
		SolutionGuid = {5ECEAF3F-FE1D-41F0-980D-325E846DB5BB}
	EndGlobalSection
EndGlobal
